
Microsoft Visual Studio Solution File, Format Version 12.00
# Visual Studio Version 16
VisualStudioVersion = 16.0.29613.14
MinimumVisualStudioVersion = 10.0.40219.1
Project("{FAE04EC0-301F-11D3-BF4B-00C04F79EFBC}") = "Count same values in array", "Count same values in array\Count same values in array.csproj", "{CC812B75-8D6C-485C-84EA-824A3FCAE1B9}"
EndProject
Project("{FAE04EC0-301F-11D3-BF4B-00C04F79EFBC}") = "Average Student Grades", "Average Student Grades\Average Student Grades.csproj", "{C284A77A-8C20-4953-8671-B53FE7BDF84D}"
EndProject
Global
	GlobalSection(SolutionConfigurationPlatforms) = preSolution
		Debug|Any CPU = Debug|Any CPU
		Release|Any CPU = Release|Any CPU
	EndGlobalSection
	GlobalSection(ProjectConfigurationPlatforms) = postSolution
		{CC812B75-8D6C-485C-84EA-824A3FCAE1B9}.Debug|Any CPU.ActiveCfg = Debug|Any CPU
		{CC812B75-8D6C-485C-84EA-824A3FCAE1B9}.Debug|Any CPU.Build.0 = Debug|Any CPU
		{CC812B75-8D6C-485C-84EA-824A3FCAE1B9}.Release|Any CPU.ActiveCfg = Release|Any CPU
		{CC812B75-8D6C-485C-84EA-824A3FCAE1B9}.Release|Any CPU.Build.0 = Release|Any CPU
		{C284A77A-8C20-4953-8671-B53FE7BDF84D}.Debug|Any CPU.ActiveCfg = Debug|Any CPU
		{C284A77A-8C20-4953-8671-B53FE7BDF84D}.Debug|Any CPU.Build.0 = Debug|Any CPU
		{C284A77A-8C20-4953-8671-B53FE7BDF84D}.Release|Any CPU.ActiveCfg = Release|Any CPU
		{C284A77A-8C20-4953-8671-B53FE7BDF84D}.Release|Any CPU.Build.0 = Release|Any CPU
	EndGlobalSection
	GlobalSection(SolutionProperties) = preSolution
		HideSolutionNode = FALSE
	EndGlobalSection
	GlobalSection(ExtensibilityGlobals) = postSolution
		SolutionGuid = {A6FA03C5-9946-41F2-BDDC-ECB92141EEE7}
	EndGlobalSection
EndGlobal
